
Microsoft Visual Studio Solution File, Format Version 12.00
# Visual Studio Version 17
VisualStudioVersion = 17.4.33213.308
MinimumVisualStudioVersion = 10.0.40219.1
Project("{FAE04EC0-301F-11D3-BF4B-00C04F79EFBC}") = "TpArticle", "TpArticle\TpArticle.csproj", "{D2FCB9D7-F09F-48BB-BABF-C2A8AF7BACAE}"
EndProject
Global
	GlobalSection(SolutionConfigurationPlatforms) = preSolution
		Debug|Any CPU = Debug|Any CPU
		Release|Any CPU = Release|Any CPU
	EndGlobalSection
	GlobalSection(ProjectConfigurationPlatforms) = postSolution
		{D2FCB9D7-F09F-48BB-BABF-C2A8AF7BACAE}.Debug|Any CPU.ActiveCfg = Debug|Any CPU
		{D2FCB9D7-F09F-48BB-BABF-C2A8AF7BACAE}.Debug|Any CPU.Build.0 = Debug|Any CPU
		{D2FCB9D7-F09F-48BB-BABF-C2A8AF7BACAE}.Release|Any CPU.ActiveCfg = Release|Any CPU
		{D2FCB9D7-F09F-48BB-BABF-C2A8AF7BACAE}.Release|Any CPU.Build.0 = Release|Any CPU
	EndGlobalSection
	GlobalSection(SolutionProperties) = preSolution
		HideSolutionNode = FALSE
	EndGlobalSection
	GlobalSection(ExtensibilityGlobals) = postSolution
		SolutionGuid = {D147B488-7936-4542-B258-025BC0DBED0C}
	EndGlobalSection
EndGlobal
